// !$*UTF8*$!
{
	archiveVersion = 1;
	classes = {
	};
	objectVersion = 46;
	objects = {

/* Begin PBXBuildFile section */
		928103BE1CA29F07008A745D /* main.m in Sources */ = {isa = PBXBuildFile; fileRef = 928103BD1CA29F07008A745D /* main.m */; };
		928103C11CA29F07008A745D /* AppDelegate.m in Sources */ = {isa = PBXBuildFile; fileRef = 928103C01CA29F07008A745D /* AppDelegate.m */; };
		928103C41CA29F07008A745D /* ViewController.m in Sources */ = {isa = PBXBuildFile; fileRef = 928103C31CA29F07008A745D /* ViewController.m */; };
		928103C71CA29F07008A745D /* Main.storyboard in Resources */ = {isa = PBXBuildFile; fileRef = 928103C51CA29F07008A745D /* Main.storyboard */; };
		928103C91CA29F07008A745D /* Assets.xcassets in Resources */ = {isa = PBXBuildFile; fileRef = 928103C81CA29F07008A745D /* Assets.xcassets */; };
		928103CC1CA29F07008A745D /* LaunchScreen.storyboard in Resources */ = {isa = PBXBuildFile; fileRef = 928103CA1CA29F07008A745D /* LaunchScreen.storyboard */; };
		928103D71CA29F07008A745D /* GrocerySyncTests.m in Sources */ = {isa = PBXBuildFile; fileRef = 928103D61CA29F07008A745D /* GrocerySyncTests.m */; };
		928103E21CA29F07008A745D /* GrocerySyncUITests.m in Sources */ = {isa = PBXBuildFile; fileRef = 928103E11CA29F07008A745D /* GrocerySyncUITests.m */; };
/* End PBXBuildFile section */

/* Begin PBXContainerItemProxy section */
		928103D31CA29F07008A745D /* PBXContainerItemProxy */ = {
			isa = PBXContainerItemProxy;
			containerPortal = 928103B11CA29F07008A745D /* Project object */;
			proxyType = 1;
			remoteGlobalIDString = 928103B81CA29F07008A745D;
			remoteInfo = GrocerySync;
		};
		928103DE1CA29F07008A745D /* PBXContainerItemProxy */ = {
			isa = PBXContainerItemProxy;
			containerPortal = 928103B11CA29F07008A745D /* Project object */;
			proxyType = 1;
			remoteGlobalIDString = 928103B81CA29F07008A745D;
			remoteInfo = GrocerySync;
		};
/* End PBXContainerItemProxy section */

/* Begin PBXFileReference section */
		928103B91CA29F07008A745D /* GrocerySync.app */ = {isa = PBXFileReference; explicitFileType = wrapper.application; includeInIndex = 0; path = GrocerySync.app; sourceTree = BUILT_PRODUCTS_DIR; };
		928103BD1CA29F07008A745D /* main.m */ = {isa = PBXFileReference; lastKnownFileType = sourcecode.c.objc; path = main.m; sourceTree = "<group>"; };
		928103BF1CA29F07008A745D /* AppDelegate.h */ = {isa = PBXFileReference; lastKnownFileType = sourcecode.c.h; path = AppDelegate.h; sourceTree = "<group>"; };
		928103C01CA29F07008A745D /* AppDelegate.m */ = {isa = PBXFileReference; lastKnownFileType = sourcecode.c.objc; path = AppDelegate.m; sourceTree = "<group>"; };
		928103C21CA29F07008A745D /* ViewController.h */ = {isa = PBXFileReference; lastKnownFileType = sourcecode.c.h; path = ViewController.h; sourceTree = "<group>"; };
		928103C31CA29F07008A745D /* ViewController.m */ = {isa = PBXFileReference; lastKnownFileType = sourcecode.c.objc; path = ViewController.m; sourceTree = "<group>"; };
		928103C61CA29F07008A745D /* Base */ = {isa = PBXFileReference; lastKnownFileType = file.storyboard; name = Base; path = Base.lproj/Main.storyboard; sourceTree = "<group>"; };
		928103C81CA29F07008A745D /* Assets.xcassets */ = {isa = PBXFileReference; lastKnownFileType = folder.assetcatalog; path = Assets.xcassets; sourceTree = "<group>"; };
		928103CB1CA29F07008A745D /* Base */ = {isa = PBXFileReference; lastKnownFileType = file.storyboard; name = Base; path = Base.lproj/LaunchScreen.storyboard; sourceTree = "<group>"; };
		928103CD1CA29F07008A745D /* Info.plist */ = {isa = PBXFileReference; lastKnownFileType = text.plist.xml; path = Info.plist; sourceTree = "<group>"; };
		928103D21CA29F07008A745D /* GrocerySyncTests.xctest */ = {isa = PBXFileReference; explicitFileType = wrapper.cfbundle; includeInIndex = 0; path = GrocerySyncTests.xctest; sourceTree = BUILT_PRODUCTS_DIR; };
		928103D61CA29F07008A745D /* GrocerySyncTests.m */ = {isa = PBXFileReference; lastKnownFileType = sourcecode.c.objc; path = GrocerySyncTests.m; sourceTree = "<group>"; };
		928103D81CA29F07008A745D /* Info.plist */ = {isa = PBXFileReference; lastKnownFileType = text.plist.xml; path = Info.plist; sourceTree = "<group>"; };
		928103DD1CA29F07008A745D /* GrocerySyncUITests.xctest */ = {isa = PBXFileReference; explicitFileType = wrapper.cfbundle; includeInIndex = 0; path = GrocerySyncUITests.xctest; sourceTree = BUILT_PRODUCTS_DIR; };
		928103E11CA29F07008A745D /* GrocerySyncUITests.m */ = {isa = PBXFileReference; lastKnownFileType = sourcecode.c.objc; path = GrocerySyncUITests.m; sourceTree = "<group>"; };
		928103E31CA29F07008A745D /* Info.plist */ = {isa = PBXFileReference; lastKnownFileType = text.plist.xml; path = Info.plist; sourceTree = "<group>"; };
/* End PBXFileReference section */

/* Begin PBXFrameworksBuildPhase section */
		928103B61CA29F07008A745D /* Frameworks */ = {
			isa = PBXFrameworksBuildPhase;
			buildActionMask = 2147483647;
			files = (
			);
			runOnlyForDeploymentPostprocessing = 0;
		};
		928103CF1CA29F07008A745D /* Frameworks */ = {
			isa = PBXFrameworksBuildPhase;
			buildActionMask = 2147483647;
			files = (
			);
			runOnlyForDeploymentPostprocessing = 0;
		};
		928103DA1CA29F07008A745D /* Frameworks */ = {
			isa = PBXFrameworksBuildPhase;
			buildActionMask = 2147483647;
			files = (
			);
			runOnlyForDeploymentPostprocessing = 0;
		};
/* End PBXFrameworksBuildPhase section */

/* Begin PBXGroup section */
		928103B01CA29F07008A745D = {
			isa = PBXGroup;
			children = (
				928103BB1CA29F07008A745D /* GrocerySync */,
				928103D51CA29F07008A745D /* GrocerySyncTests */,
				928103E01CA29F07008A745D /* GrocerySyncUITests */,
				928103BA1CA29F07008A745D /* Products */,
			);
			sourceTree = "<group>";
		};
		928103BA1CA29F07008A745D /* Products */ = {
			isa = PBXGroup;
			children = (
				928103B91CA29F07008A745D /* GrocerySync.app */,
				928103D21CA29F07008A745D /* GrocerySyncTests.xctest */,
				928103DD1CA29F07008A745D /* GrocerySyncUITests.xctest */,
			);
			name = Products;
			sourceTree = "<group>";
		};
		928103BB1CA29F07008A745D /* GrocerySync */ = {
			isa = PBXGroup;
			children = (
				928103BF1CA29F07008A745D /* AppDelegate.h */,
				928103C01CA29F07008A745D /* AppDelegate.m */,
				928103C21CA29F07008A745D /* ViewController.h */,
				928103C31CA29F07008A745D /* ViewController.m */,
				928103C51CA29F07008A745D /* Main.storyboard */,
				928103C81CA29F07008A745D /* Assets.xcassets */,
				928103CA1CA29F07008A745D /* LaunchScreen.storyboard */,
				928103CD1CA29F07008A745D /* Info.plist */,
				928103BC1CA29F07008A745D /* Supporting Files */,
			);
			path = GrocerySync;
			sourceTree = "<group>";
		};
		928103BC1CA29F07008A745D /* Supporting Files */ = {
			isa = PBXGroup;
			children = (
				928103BD1CA29F07008A745D /* main.m */,
			);
			name = "Supporting Files";
			sourceTree = "<group>";
		};
		928103D51CA29F07008A745D /* GrocerySyncTests */ = {
			isa = PBXGroup;
			children = (
				928103D61CA29F07008A745D /* GrocerySyncTests.m */,
				928103D81CA29F07008A745D /* Info.plist */,
			);
			path = GrocerySyncTests;
			sourceTree = "<group>";
		};
		928103E01CA29F07008A745D /* GrocerySyncUITests */ = {
			isa = PBXGroup;
			children = (
				928103E11CA29F07008A745D /* GrocerySyncUITests.m */,
				928103E31CA29F07008A745D /* Info.plist */,
			);
			path = GrocerySyncUITests;
			sourceTree = "<group>";
		};
/* End PBXGroup section */

/* Begin PBXNativeTarget section */
		928103B81CA29F07008A745D /* GrocerySync */ = {
			isa = PBXNativeTarget;
			buildConfigurationList = 928103E61CA29F07008A745D /* Build configuration list for PBXNativeTarget "GrocerySync" */;
			buildPhases = (
				928103B51CA29F07008A745D /* Sources */,
				928103B61CA29F07008A745D /* Frameworks */,
				928103B71CA29F07008A745D /* Resources */,
			);
			buildRules = (
			);
			dependencies = (
			);
			name = GrocerySync;
			productName = GrocerySync;
			productReference = 928103B91CA29F07008A745D /* GrocerySync.app */;
			productType = "com.apple.product-type.application";
		};
		928103D11CA29F07008A745D /* GrocerySyncTests */ = {
			isa = PBXNativeTarget;
			buildConfigurationList = 928103E91CA29F07008A745D /* Build configuration list for PBXNativeTarget "GrocerySyncTests" */;
			buildPhases = (
				928103CE1CA29F07008A745D /* Sources */,
				928103CF1CA29F07008A745D /* Frameworks */,
				928103D01CA29F07008A745D /* Resources */,
			);
			buildRules = (
			);
			dependencies = (
				928103D41CA29F07008A745D /* PBXTargetDependency */,
			);
			name = GrocerySyncTests;
			productName = GrocerySyncTests;
			productReference = 928103D21CA29F07008A745D /* GrocerySyncTests.xctest */;
			productType = "com.apple.product-type.bundle.unit-test";
		};
		928103DC1CA29F07008A745D /* GrocerySyncUITests */ = {
			isa = PBXNativeTarget;
			buildConfigurationList = 928103EC1CA29F07008A745D /* Build configuration list for PBXNativeTarget "GrocerySyncUITests" */;
			buildPhases = (
				928103D91CA29F07008A745D /* Sources */,
				928103DA1CA29F07008A745D /* Frameworks */,
				928103DB1CA29F07008A745D /* Resources */,
			);
			buildRules = (
			);
			dependencies = (
				928103DF1CA29F07008A745D /* PBXTargetDependency */,
			);
			name = GrocerySyncUITests;
			productName = GrocerySyncUITests;
			productReference = 928103DD1CA29F07008A745D /* GrocerySyncUITests.xctest */;
			productType = "com.apple.product-type.bundle.ui-testing";
		};
/* End PBXNativeTarget section */

/* Begin PBXProject section */
		928103B11CA29F07008A745D /* Project object */ = {
			isa = PBXProject;
			attributes = {
				LastUpgradeCheck = 0720;
				TargetAttributes = {
					928103B81CA29F07008A745D = {
						CreatedOnToolsVersion = 7.2;
						DevelopmentTeam = 35NY7U4K8D;
					};
					928103D11CA29F07008A745D = {
						CreatedOnToolsVersion = 7.2;
						TestTargetID = 928103B81CA29F07008A745D;
					};
					928103DC1CA29F07008A745D = {
						CreatedOnToolsVersion = 7.2;
						TestTargetID = 928103B81CA29F07008A745D;
					};
				};
			};
			buildConfigurationList = 928103B41CA29F07008A745D /* Build configuration list for PBXProject "GrocerySync" */;
			compatibilityVersion = "Xcode 3.2";
			developmentRegion = English;
			hasScannedForEncodings = 0;
			knownRegions = (
				en,
				Base,
			);
			mainGroup = 928103B01CA29F07008A745D;
			productRefGroup = 928103BA1CA29F07008A745D /* Products */;
			projectDirPath = "";
			projectRoot = "";
			targets = (
				928103B81CA29F07008A745D /* GrocerySync */,
				928103D11CA29F07008A745D /* GrocerySyncTests */,
				928103DC1CA29F07008A745D /* GrocerySyncUITests */,
			);
		};
/* End PBXProject section */

/* Begin PBXResourcesBuildPhase section */
		928103B71CA29F07008A745D /* Resources */ = {
			isa = PBXResourcesBuildPhase;
			buildActionMask = 2147483647;
			files = (
				928103CC1CA29F07008A745D /* LaunchScreen.storyboard in Resources */,
				928103C91CA29F07008A745D /* Assets.xcassets in Resources */,
				928103C71CA29F07008A745D /* Main.storyboard in Resources */,
			);
			runOnlyForDeploymentPostprocessing = 0;
		};
		928103D01CA29F07008A745D /* Resources */ = {
			isa = PBXResourcesBuildPhase;
			buildActionMask = 2147483647;
			files = (
			);
			runOnlyForDeploymentPostprocessing = 0;
		};
		928103DB1CA29F07008A745D /* Resources */ = {
			isa = PBXResourcesBuildPhase;
			buildActionMask = 2147483647;
			files = (
			);
			runOnlyForDeploymentPostprocessing = 0;
		};
/* End PBXResourcesBuildPhase section */

/* Begin PBXSourcesBuildPhase section */
		928103B51CA29F07008A745D /* Sources */ = {
			isa = PBXSourcesBuildPhase;
			buildActionMask = 2147483647;
			files = (
				928103C41CA29F07008A745D /* ViewController.m in Sources */,
				928103C11CA29F07008A745D /* AppDelegate.m in Sources */,
				928103BE1CA29F07008A745D /* main.m in Sources */,
			);
			runOnlyForDeploymentPostprocessing = 0;
		};
		928103CE1CA29F07008A745D /* Sources */ = {
			isa = PBXSourcesBuildPhase;
			buildActionMask = 2147483647;
			files = (
				928103D71CA29F07008A745D /* GrocerySyncTests.m in Sources */,
			);
			runOnlyForDeploymentPostprocessing = 0;
		};
		928103D91CA29F07008A745D /* Sources */ = {
			isa = PBXSourcesBuildPhase;
			buildActionMask = 2147483647;
			files = (
				928103E21CA29F07008A745D /* GrocerySyncUITests.m in Sources */,
			);
			runOnlyForDeploymentPostprocessing = 0;
		};
/* End PBXSourcesBuildPhase section */

/* Begin PBXTargetDependency section */
		928103D41CA29F07008A745D /* PBXTargetDependency */ = {
			isa = PBXTargetDependency;
			target = 928103B81CA29F07008A745D /* GrocerySync */;
			targetProxy = 928103D31CA29F07008A745D /* PBXContainerItemProxy */;
		};
		928103DF1CA29F07008A745D /* PBXTargetDependency */ = {
			isa = PBXTargetDependency;
			target = 928103B81CA29F07008A745D /* GrocerySync */;
			targetProxy = 928103DE1CA29F07008A745D /* PBXContainerItemProxy */;
		};
/* End PBXTargetDependency section */

/* Begin PBXVariantGroup section */
		928103C51CA29F07008A745D /* Main.storyboard */ = {
			isa = PBXVariantGroup;
			children = (
				928103C61CA29F07008A745D /* Base */,
			);
			name = Main.storyboard;
			sourceTree = "<group>";
		};
		928103CA1CA29F07008A745D /* LaunchScreen.storyboard */ = {
			isa = PBXVariantGroup;
			children = (
				928103CB1CA29F07008A745D /* Base */,
			);
			name = LaunchScreen.storyboard;
			sourceTree = "<group>";
		};
/* End PBXVariantGroup section */

/* Begin XCBuildConfiguration section */
		928103E41CA29F07008A745D /* Debug */ = {
			isa = XCBuildConfiguration;
			buildSettings = {
				ALWAYS_SEARCH_USER_PATHS = NO;
				CLANG_CXX_LANGUAGE_STANDARD = "gnu++0x";
				CLANG_CXX_LIBRARY = "libc++";
				CLANG_ENABLE_MODULES = YES;
				CLANG_ENABLE_OBJC_ARC = YES;
				CLANG_WARN_BOOL_CONVERSION = YES;
				CLANG_WARN_CONSTANT_CONVERSION = YES;
				CLANG_WARN_DIRECT_OBJC_ISA_USAGE = YES_ERROR;
				CLANG_WARN_EMPTY_BODY = YES;
				CLANG_WARN_ENUM_CONVERSION = YES;
				CLANG_WARN_INT_CONVERSION = YES;
				CLANG_WARN_OBJC_ROOT_CLASS = YES_ERROR;
				CLANG_WARN_UNREACHABLE_CODE = YES;
				CLANG_WARN__DUPLICATE_METHOD_MATCH = YES;
				"CODE_SIGN_IDENTITY[sdk=iphoneos*]" = "iPhone Developer";
				COPY_PHASE_STRIP = NO;
				DEBUG_INFORMATION_FORMAT = dwarf;
				ENABLE_STRICT_OBJC_MSGSEND = YES;
				ENABLE_TESTABILITY = YES;
				GCC_C_LANGUAGE_STANDARD = gnu99;
				GCC_DYNAMIC_NO_PIC = NO;
				GCC_NO_COMMON_BLOCKS = YES;
				GCC_OPTIMIZATION_LEVEL = 0;
				GCC_PREPROCESSOR_DEFINITIONS = (
					"DEBUG=1",
					"$(inherited)",
				);
				GCC_WARN_64_TO_32_BIT_CONVERSION = YES;
				GCC_WARN_ABOUT_RETURN_TYPE = YES_ERROR;
				GCC_WARN_UNDECLARED_SELECTOR = YES;
				GCC_WARN_UNINITIALIZED_AUTOS = YES_AGGRESSIVE;
				GCC_WARN_UNUSED_FUNCTION = YES;
				GCC_WARN_UNUSED_VARIABLE = YES;
				IPHONEOS_DEPLOYMENT_TARGET = 9.2;
				MTL_ENABLE_DEBUG_INFO = YES;
				ONLY_ACTIVE_ARCH = YES;
				SDKROOT = iphoneos;
				TARGETED_DEVICE_FAMILY = "1,2";
			};
			name = Debug;
		};
		928103E51CA29F07008A745D /* Release */ = {
			isa = XCBuildConfiguration;
			buildSettings = {
				ALWAYS_SEARCH_USER_PATHS = NO;
				CLANG_CXX_LANGUAGE_STANDARD = "gnu++0x";
				CLANG_CXX_LIBRARY = "libc++";
				CLANG_ENABLE_MODULES = YES;
				CLANG_ENABLE_OBJC_ARC = YES;
				CLANG_WARN_BOOL_CONVERSION = YES;
				CLANG_WARN_CONSTANT_CONVERSION = YES;
				CLANG_WARN_DIRECT_OBJC_ISA_USAGE = YES_ERROR;
				CLANG_WARN_EMPTY_BODY = YES;
				CLANG_WARN_ENUM_CONVERSION = YES;
				CLANG_WARN_INT_CONVERSION = YES;
				CLANG_WARN_OBJC_ROOT_CLASS = YES_ERROR;
				CLANG_WARN_UNREACHABLE_CODE = YES;
				CLANG_WARN__DUPLICATE_METHOD_MATCH = YES;
				"CODE_SIGN_IDENTITY[sdk=iphoneos*]" = "iPhone Developer";
				COPY_PHASE_STRIP = NO;
				DEBUG_INFORMATION_FORMAT = "dwarf-with-dsym";
				ENABLE_NS_ASSERTIONS = NO;
				ENABLE_STRICT_OBJC_MSGSEND = YES;
				GCC_C_LANGUAGE_STANDARD = gnu99;
				GCC_NO_COMMON_BLOCKS = YES;
				GCC_WARN_64_TO_32_BIT_CONVERSION = YES;
				GCC_WARN_ABOUT_RETURN_TYPE = YES_ERROR;
				GCC_WARN_UNDECLARED_SELECTOR = YES;
				GCC_WARN_UNINITIALIZED_AUTOS = YES_AGGRESSIVE;
				GCC_WARN_UNUSED_FUNCTION = YES;
				GCC_WARN_UNUSED_VARIABLE = YES;
				IPHONEOS_DEPLOYMENT_TARGET = 9.2;
				MTL_ENABLE_DEBUG_INFO = NO;
				SDKROOT = iphoneos;
				TARGETED_DEVICE_FAMILY = "1,2";
				VALIDATE_PRODUCT = YES;
			};
			name = Release;
		};
		928103E71CA29F07008A745D /* Debug */ = {
			isa = XCBuildConfiguration;
			buildSettings = {
				ASSETCATALOG_COMPILER_APPICON_NAME = AppIcon;
				CODE_SIGN_IDENTITY = "iPhone Developer";
				INFOPLIST_FILE = GrocerySync/Info.plist;
				LD_RUNPATH_SEARCH_PATHS = "$(inherited) @executable_path/Frameworks";
				PRODUCT_BUNDLE_IDENTIFIER = com.couchbase.GrocerySyncE;
				PRODUCT_NAME = "$(TARGET_NAME)";
			};
			name = Debug;
		};
		928103E81CA29F07008A745D /* Release */ = {
			isa = XCBuildConfiguration;
			buildSettings = {
				ASSETCATALOG_COMPILER_APPICON_NAME = AppIcon;
				CODE_SIGN_IDENTITY = "iPhone Developer";
				INFOPLIST_FILE = GrocerySync/Info.plist;
				LD_RUNPATH_SEARCH_PATHS = "$(inherited) @executable_path/Frameworks";
				PRODUCT_BUNDLE_IDENTIFIER = com.couchbase.GrocerySyncE;
				PRODUCT_NAME = "$(TARGET_NAME)";
			};
			name = Release;
		};
		928103EA1CA29F07008A745D /* Debug */ = {
			isa = XCBuildConfiguration;
			buildSettings = {
				BUNDLE_LOADER = "$(TEST_HOST)";
				INFOPLIST_FILE = GrocerySyncTests/Info.plist;
				LD_RUNPATH_SEARCH_PATHS = "$(inherited) @executable_path/Frameworks @loader_path/Frameworks";
				PRODUCT_BUNDLE_IDENTIFIER = com.couchbase.GrocerySyncTests;
				PRODUCT_NAME = "$(TARGET_NAME)";
				TEST_HOST = "$(BUILT_PRODUCTS_DIR)/GrocerySync.app/GrocerySync";
			};
			name = Debug;
		};
		928103EB1CA29F07008A745D /* Release */ = {
			isa = XCBuildConfiguration;
			buildSettings = {
				BUNDLE_LOADER = "$(TEST_HOST)";
				INFOPLIST_FILE = GrocerySyncTests/Info.plist;
				LD_RUNPATH_SEARCH_PATHS = "$(inherited) @executable_path/Frameworks @loader_path/Frameworks";
				PRODUCT_BUNDLE_IDENTIFIER = com.couchbase.GrocerySyncTests;
				PRODUCT_NAME = "$(TARGET_NAME)";
				TEST_HOST = "$(BUILT_PRODUCTS_DIR)/GrocerySync.app/GrocerySync";
			};
			name = Release;
		};
		928103ED1CA29F07008A745D /* Debug */ = {
			isa = XCBuildConfiguration;
			buildSettings = {
				INFOPLIST_FILE = GrocerySyncUITests/Info.plist;
				LD_RUNPATH_SEARCH_PATHS = "$(inherited) @executable_path/Frameworks @loader_path/Frameworks";
				PRODUCT_BUNDLE_IDENTIFIER = com.couchbase.GrocerySyncUITests;
				PRODUCT_NAME = "$(TARGET_NAME)";
				TEST_TARGET_NAME = GrocerySync;
				USES_XCTRUNNER = YES;
			};
			name = Debug;
		};
		928103EE1CA29F07008A745D /* Release */ = {
			isa = XCBuildConfiguration;
			buildSettings = {
				INFOPLIST_FILE = GrocerySyncUITests/Info.plist;
				LD_RUNPATH_SEARCH_PATHS = "$(inherited) @executable_path/Frameworks @loader_path/Frameworks";
				PRODUCT_BUNDLE_IDENTIFIER = com.couchbase.GrocerySyncUITests;
				PRODUCT_NAME = "$(TARGET_NAME)";
				TEST_TARGET_NAME = GrocerySync;
				USES_XCTRUNNER = YES;
			};
			name = Release;
		};
/* End XCBuildConfiguration section */

/* Begin XCConfigurationList section */
		928103B41CA29F07008A745D /* Build configuration list for PBXProject "GrocerySync" */ = {
			isa = XCConfigurationList;
			buildConfigurations = (
				928103E41CA29F07008A745D /* Debug */,
				928103E51CA29F07008A745D /* Release */,
			);
			defaultConfigurationIsVisible = 0;
			defaultConfigurationName = Release;
		};
		928103E61CA29F07008A745D /* Build configuration list for PBXNativeTarget "GrocerySync" */ = {
			isa = XCConfigurationList;
			buildConfigurations = (
				928103E71CA29F07008A745D /* Debug */,
				928103E81CA29F07008A745D /* Release */,
			);
			defaultConfigurationIsVisible = 0;
		};
		928103E91CA29F07008A745D /* Build configuration list for PBXNativeTarget "GrocerySyncTests" */ = {
			isa = XCConfigurationList;
			buildConfigurations = (
				928103EA1CA29F07008A745D /* Debug */,
				928103EB1CA29F07008A745D /* Release */,
			);
			defaultConfigurationIsVisible = 0;
		};
		928103EC1CA29F07008A745D /* Build configuration list for PBXNativeTarget "GrocerySyncUITests" */ = {
			isa = XCConfigurationList;
			buildConfigurations = (
				928103ED1CA29F07008A745D /* Debug */,
				928103EE1CA29F07008A745D /* Release */,
			);
			defaultConfigurationIsVisible = 0;
		};
/* End XCConfigurationList section */
	};
	rootObject = 928103B11CA29F07008A745D /* Project object */;
}
